
Microsoft Visual Studio Solution File, Format Version 12.00
# Visual Studio 15
VisualStudioVersion = 15.0.26730.3
MinimumVisualStudioVersion = 10.0.40219.1
Project("{FAE04EC0-301F-11D3-BF4B-00C04F79EFBC}") = "MediaBrowser.Plugins.VuPlus", "MediaBrowser.Plugins.VuPlus\MediaBrowser.Plugins.VuPlus.csproj", "{52B1ABDF-09C1-450E-B808-BBA0A9C19848}"
EndProject
Global
	GlobalSection(SolutionConfigurationPlatforms) = preSolution
		Debug|Any CPU = Debug|Any CPU
		Release|Any CPU = Release|Any CPU
	EndGlobalSection
	GlobalSection(ProjectConfigurationPlatforms) = postSolution
		{52B1ABDF-09C1-450E-B808-BBA0A9C19848}.Debug|Any CPU.ActiveCfg = Debug|Any CPU
		{52B1ABDF-09C1-450E-B808-BBA0A9C19848}.Debug|Any CPU.Build.0 = Debug|Any CPU
		{52B1ABDF-09C1-450E-B808-BBA0A9C19848}.Release|Any CPU.ActiveCfg = Release|Any CPU
		{52B1ABDF-09C1-450E-B808-BBA0A9C19848}.Release|Any CPU.Build.0 = Release|Any CPU
	EndGlobalSection
	GlobalSection(SolutionProperties) = preSolution
		HideSolutionNode = FALSE
	EndGlobalSection
	GlobalSection(ExtensibilityGlobals) = postSolution
		SolutionGuid = {347CA3B3-ECDC-4C93-A92F-946E2BC0D1B9}
	EndGlobalSection
EndGlobal
